<?xml version="1.0" encoding="utf-8"?>
<Project ToolsVersion="4.0" xmlns="http://schemas.microsoft.com/developer/msbuild/2003">
  <ItemGroup>
    <Filter Include="Demos">
      <UniqueIdentifier>{2d8be352-4ec1-4283-b846-f376276ca597}</UniqueIdentifier>
    </Filter>
    <Filter Include="CoreHeaders">
      <UniqueIdentifier>{921ba752-3dd7-4c7a-8f1d-d3133fe158ac}</UniqueIdentifier>
    </Filter>
  </ItemGroup>
  <ItemGroup>
    <ClCompile Include="program.cpp" />
    <ClCompile Include="mouse.cpp" />
    <ClCompile Include="sceneManager.cpp" />
    <ClCompile Include="demos\demo2.cpp">
      <Filter>Demos</Filter>
    </ClCompile>
    <ClCompile Include="demos\demo3.cpp" />
    <ClCompile Include="code\uniform.cpp" />
    <ClCompile Include="code\util.cpp" />
    <ClCompile Include="demos\demo4.cpp" />
    <ClCompile Include="demos\demo5.cpp" />
    <ClCompile Include="demos\demo6.cpp" />
    <ClCompile Include="demos\demo7.cpp" />
    <ClCompile Include="demos\demo8.cpp" />
    <ClCompile Include="demos\demo9.cpp" />
    <ClCompile Include="demos\demo10.cpp" />
    <ClCompile Include="demos\demoSelect.cpp" />
  </ItemGroup>
  <ItemGroup>
    <ClInclude Include="demos.h">
      <Filter>Demos</Filter>
    </ClInclude>
    <ClInclude Include="stdafx.h" />
    <ClInclude Include="mouse.h" />
    <ClInclude Include="sceneManager.h" />
    <ClInclude Include="CoreHeaders\vcDefs.h" />
    <ClInclude Include="CoreHeaders\boundingBox.h">
      <Filter>CoreHeaders</Filter>
    </ClInclude>
    <ClInclude Include="CoreHeaders\bufferObject.h">
      <Filter>CoreHeaders</Filter>
    </ClInclude>
    <ClInclude Include="CoreHeaders\camera.h">
      <Filter>CoreHeaders</Filter>
    </ClInclude>
    <ClInclude Include="CoreHeaders\eai.h">
      <Filter>CoreHeaders</Filter>
    </ClInclude>
    <ClInclude Include="CoreHeaders\entity.h">
      <Filter>CoreHeaders</Filter>
    </ClInclude>
    <ClInclude Include="CoreHeaders\entity_Cube_Simple.h">
      <Filter>CoreHeaders</Filter>
    </ClInclude>
    <ClInclude Include="CoreHeaders\entity_GridXY.h">
      <Filter>CoreHeaders</Filter>
    </ClInclude>
    <ClInclude Include="CoreHeaders\entity_SceneOrigin.h">
      <Filter>CoreHeaders</Filter>
    </ClInclude>
    <ClInclude Include="CoreHeaders\entity_VAO.h">
      <Filter>CoreHeaders</Filter>
    </ClInclude>
    <ClInclude Include="CoreHeaders\fbo.h">
      <Filter>CoreHeaders</Filter>
    </ClInclude>
    <ClInclude Include="CoreHeaders\font.h">
      <Filter>CoreHeaders</Filter>
    </ClInclude>
    <ClInclude Include="CoreHeaders\generalLoader.h">
      <Filter>CoreHeaders</Filter>
    </ClInclude>
    <ClInclude Include="CoreHeaders\guiManager.h">
      <Filter>CoreHeaders</Filter>
    </ClInclude>
    <ClInclude Include="CoreHeaders\helper.h">
      <Filter>CoreHeaders</Filter>
    </ClInclude>
    <ClInclude Include="CoreHeaders\imageManager.h">
      <Filter>CoreHeaders</Filter>
    </ClInclude>
    <ClInclude Include="CoreHeaders\light.h">
      <Filter>CoreHeaders</Filter>
    </ClInclude>
    <ClInclude Include="CoreHeaders\material.h">
      <Filter>CoreHeaders</Filter>
    </ClInclude>
    <ClInclude Include="CoreHeaders\model.h">
      <Filter>CoreHeaders</Filter>
    </ClInclude>
    <ClInclude Include="CoreHeaders\modelPart.h">
      <Filter>CoreHeaders</Filter>
    </ClInclude>
    <ClInclude Include="CoreHeaders\objLoader.h">
      <Filter>CoreHeaders</Filter>
    </ClInclude>
    <ClInclude Include="CoreHeaders\pbo.h">
      <Filter>CoreHeaders</Filter>
    </ClInclude>
    <ClInclude Include="CoreHeaders\sceneData.h">
      <Filter>CoreHeaders</Filter>
    </ClInclude>
    <ClInclude Include="CoreHeaders\sceneGUI.h">
      <Filter>CoreHeaders</Filter>
    </ClInclude>
    <ClInclude Include="CoreHeaders\sceneInitializer.h">
      <Filter>CoreHeaders</Filter>
    </ClInclude>
    <ClInclude Include="CoreHeaders\sceneSetting.h">
      <Filter>CoreHeaders</Filter>
    </ClInclude>
    <ClInclude Include="CoreHeaders\shader.h">
      <Filter>CoreHeaders</Filter>
    </ClInclude>
    <ClInclude Include="CoreHeaders\shaderProgram.h">
      <Filter>CoreHeaders</Filter>
    </ClInclude>
    <ClInclude Include="CoreHeaders\ubo.h">
      <Filter>CoreHeaders</Filter>
    </ClInclude>
    <ClInclude Include="CoreHeaders\vao.h">
      <Filter>CoreHeaders</Filter>
    </ClInclude>
    <ClInclude Include="CoreHeaders\vao_CubeV3C4.h">
      <Filter>CoreHeaders</Filter>
    </ClInclude>
    <ClInclude Include="CoreHeaders\vao_GridXY.h">
      <Filter>CoreHeaders</Filter>
    </ClInclude>
    <ClInclude Include="CoreHeaders\vao_SceneOrigin.h">
      <Filter>CoreHeaders</Filter>
    </ClInclude>
    <ClInclude Include="gl_util.h" />
    <ClInclude Include="demos\demo2.h">
      <Filter>Demos</Filter>
    </ClInclude>
    <ClInclude Include="code\tetrahedra\TetrahedraEntity.h" />
    <ClInclude Include="code\tetrahedra\TetrahedraVAO.h" />
    <ClInclude Include="demos\demo3.h" />
    <ClInclude Include="code\uniform.h" />
    <ClInclude Include="CoreHeaders\vao_CubeV3C4N3.h" />
    <ClInclude Include="CoreHeaders\entity_Cube_V3C4N3.h" />
    <ClInclude Include="code\util.h" />
    <ClInclude Include="Resources\shaders\structures.header" />
    <ClInclude Include="demos\demo4.h" />
    <ClInclude Include="CoreHeaders\entity_OBJ.h" />
    <ClInclude Include="demos\demo5.h" />
    <ClInclude Include="demos\demo6.h" />
    <ClInclude Include="CoreHeaders\entity_Cube.h" />
    <ClInclude Include="CoreHeaders\vao_CubeV3C4N3T2.h" />
    <ClInclude Include="demos\demo7.h" />
    <ClInclude Include="demos\demo8.h" />
    <ClInclude Include="demos\demo9.h" />
    <ClInclude Include="demos\demo10.h" />
    <ClInclude Include="demos\demoSelect.h" />
    <ClInclude Include="CoreHeaders\entity_Selectable.h" />
    <ClInclude Include="CoreHeaders\vao_quad.h" />
    <ClInclude Include="CoreHeaders\entity_ViewAngle.h" />
  </ItemGroup>
  <ItemGroup>
    <None Include="Resources\shaders\simple_v3_c4.vert" />
    <None Include="Resources\shaders\simple_v3_c4.frag" />
    <None Include="Resources\shaders\lambert_v3_c4_n3.frag" />
    <None Include="Resources\shaders\lambert_v3_c4_n3.vert" />
    <None Include="Resources\shaders\ads_v3_n3_t3.vert" />
    <None Include="Resources\shaders\ads_v3_n3_t3.frag" />
    <None Include="Resources\shaders\gooch_v3_n3_t3.frag" />
    <None Include="Resources\shaders\blend_v3_n3_t3.frag" />
    <None Include="Resources\shaders\ads_v3_c4_n3_t2.frag" />
    <None Include="Resources\shaders\ads_v3_c4_n3_t2.vert" />
    <None Include="Resources\shaders\texproj_v3_n3_t3.vert" />
    <None Include="Resources\shaders\texproj_v3_n3_t3.frag" />
    <None Include="Resources\shaders\normal_mapping.vert" />
    <None Include="Resources\shaders\normal_mapping.frag" />
    <None Include="Resources\shaders\parallax_mapping.vert" />
    <None Include="Resources\shaders\parallax_mapping.frag" />
    <None Include="Resources\shaders\adsOBJ_v3_n3_t3_displacement.cont" />
    <None Include="Resources\shaders\adsOBJ_v3_n3_t3_displacement.eval" />
    <None Include="Resources\shaders\adsOBJ_v3_n3_t3_displacement.vert" />
    <None Include="Resources\shaders\adsOBJ_v3_n3_t3_displacement.frag" />
    <None Include="Resources\shaders\const_v3_n3_t3.vert" />
    <None Include="Resources\shaders\const_v3_n3_t3.frag" />
    <None Include="Resources\shaders\quad.vert" />
    <None Include="Resources\shaders\quad_select.frag" />
  </ItemGroup>
</Project>